
Microsoft Visual Studio Solution File, Format Version 12.00
# Visual Studio Version 17
VisualStudioVersion = 17.1.32210.238
MinimumVisualStudioVersion = 10.0.40219.1
Project("{FAE04EC0-301F-11D3-BF4B-00C04F79EFBC}") = "pbo project", "pbo project\pbo project.csproj", "{9FDC4FE9-86B1-4966-A51D-9EAD14A22EF9}"
EndProject
Global
	GlobalSection(SolutionConfigurationPlatforms) = preSolution
		Debug|Any CPU = Debug|Any CPU
		Release|Any CPU = Release|Any CPU
	EndGlobalSection
	GlobalSection(ProjectConfigurationPlatforms) = postSolution
		{9FDC4FE9-86B1-4966-A51D-9EAD14A22EF9}.Debug|Any CPU.ActiveCfg = Debug|Any CPU
		{9FDC4FE9-86B1-4966-A51D-9EAD14A22EF9}.Debug|Any CPU.Build.0 = Debug|Any CPU
		{9FDC4FE9-86B1-4966-A51D-9EAD14A22EF9}.Release|Any CPU.ActiveCfg = Release|Any CPU
		{9FDC4FE9-86B1-4966-A51D-9EAD14A22EF9}.Release|Any CPU.Build.0 = Release|Any CPU
	EndGlobalSection
	GlobalSection(SolutionProperties) = preSolution
		HideSolutionNode = FALSE
	EndGlobalSection
	GlobalSection(ExtensibilityGlobals) = postSolution
		SolutionGuid = {48E64AE9-5796-46D6-8D07-8E8F8A656121}
	EndGlobalSection
EndGlobal
